// !$*UTF8*$!
{
	archiveVersion = 1;
	classes = {
	};
	objectVersion = 56;
	objects = {

/* Begin PBXBuildFile section */
		6D7EADFF830EC80FDA0CE757 /* Pods_MovieApp.framework in Frameworks */ = {isa = PBXBuildFile; fileRef = 41495B2625E9E7A47A40E547 /* Pods_MovieApp.framework */; };
		82C874D12931AE570000FB9C /* AppDelegate.swift in Sources */ = {isa = PBXBuildFile; fileRef = 82C874D02931AE570000FB9C /* AppDelegate.swift */; };
		82C874DA2931AE5A0000FB9C /* Assets.xcassets in Resources */ = {isa = PBXBuildFile; fileRef = 82C874D92931AE5A0000FB9C /* Assets.xcassets */; };
		82C874DD2931AE5A0000FB9C /* LaunchScreen.storyboard in Resources */ = {isa = PBXBuildFile; fileRef = 82C874DB2931AE5A0000FB9C /* LaunchScreen.storyboard */; };
		82C874E82931AE5B0000FB9C /* MovieAppTests.swift in Sources */ = {isa = PBXBuildFile; fileRef = 82C874E72931AE5B0000FB9C /* MovieAppTests.swift */; };
		82C874F22931AE5B0000FB9C /* MovieAppUITests.swift in Sources */ = {isa = PBXBuildFile; fileRef = 82C874F12931AE5B0000FB9C /* MovieAppUITests.swift */; };
		82C874F42931AE5B0000FB9C /* MovieAppUITestsLaunchTests.swift in Sources */ = {isa = PBXBuildFile; fileRef = 82C874F32931AE5B0000FB9C /* MovieAppUITestsLaunchTests.swift */; };
		82C875022934ED210000FB9C /* Endpoint.swift in Sources */ = {isa = PBXBuildFile; fileRef = 82C875012934ED210000FB9C /* Endpoint.swift */; };
		82C875052934F8760000FB9C /* MovieRepository.swift in Sources */ = {isa = PBXBuildFile; fileRef = 82C875042934F8760000FB9C /* MovieRepository.swift */; };
		82C875082934F8A60000FB9C /* MovieResponse.swift in Sources */ = {isa = PBXBuildFile; fileRef = 82C875072934F8A60000FB9C /* MovieResponse.swift */; };
		82C8750C2934FC2F0000FB9C /* HomeContract.swift in Sources */ = {isa = PBXBuildFile; fileRef = 82C8750B2934FC2F0000FB9C /* HomeContract.swift */; };
		82C8750E2934FC380000FB9C /* HomePresenter.swift in Sources */ = {isa = PBXBuildFile; fileRef = 82C8750D2934FC380000FB9C /* HomePresenter.swift */; };
		82C875102934FC3E0000FB9C /* HomeRouter.swift in Sources */ = {isa = PBXBuildFile; fileRef = 82C8750F2934FC3E0000FB9C /* HomeRouter.swift */; };
		82C875122934FC450000FB9C /* HomeViewController.swift in Sources */ = {isa = PBXBuildFile; fileRef = 82C875112934FC450000FB9C /* HomeViewController.swift */; };
		82C875142934FC4F0000FB9C /* HomeInteractor.swift in Sources */ = {isa = PBXBuildFile; fileRef = 82C875132934FC4F0000FB9C /* HomeInteractor.swift */; };
		82C875172935034B0000FB9C /* HomeSectionController.swift in Sources */ = {isa = PBXBuildFile; fileRef = 82C875162935034B0000FB9C /* HomeSectionController.swift */; };
		82C87519293577A10000FB9C /* HomeEntity.swift in Sources */ = {isa = PBXBuildFile; fileRef = 82C87518293577A10000FB9C /* HomeEntity.swift */; };
		82C8751B29364B930000FB9C /* MovieCollectionViewCell.swift in Sources */ = {isa = PBXBuildFile; fileRef = 82C8751A29364B920000FB9C /* MovieCollectionViewCell.swift */; };
		82C8751D2936F7AA0000FB9C /* ScreenState.swift in Sources */ = {isa = PBXBuildFile; fileRef = 82C8751C2936F7AA0000FB9C /* ScreenState.swift */; };
		82C875202937034B0000FB9C /* MovieResponseMock.swift in Sources */ = {isa = PBXBuildFile; fileRef = 82C8751F2937034B0000FB9C /* MovieResponseMock.swift */; };
		82C87522293703B20000FB9C /* MovieResponseTest.swift in Sources */ = {isa = PBXBuildFile; fileRef = 82C87521293703B20000FB9C /* MovieResponseTest.swift */; };
		82C87526293705ED0000FB9C /* MovieRepositoryMock.swift in Sources */ = {isa = PBXBuildFile; fileRef = 82C87525293705ED0000FB9C /* MovieRepositoryMock.swift */; };
		82C87528293707290000FB9C /* MovieRepositoryTest.swift in Sources */ = {isa = PBXBuildFile; fileRef = 82C87527293707290000FB9C /* MovieRepositoryTest.swift */; };
		832FCE3D7FA213D65BA03120 /* Pods_MovieAppTests.framework in Frameworks */ = {isa = PBXBuildFile; fileRef = 6C5641ABA1DE385EC4A4106B /* Pods_MovieAppTests.framework */; };
		8CE4AEB8619EF271621B5C5F /* Pods_MovieApp_MovieAppUITests.framework in Frameworks */ = {isa = PBXBuildFile; fileRef = 04BAC7D92C55D27CD8EFF7B7 /* Pods_MovieApp_MovieAppUITests.framework */; };
/* End PBXBuildFile section */

/* Begin PBXContainerItemProxy section */
		82C874E42931AE5B0000FB9C /* PBXContainerItemProxy */ = {
			isa = PBXContainerItemProxy;
			containerPortal = 82C874C52931AE570000FB9C /* Project object */;
			proxyType = 1;
			remoteGlobalIDString = 82C874CC2931AE570000FB9C;
			remoteInfo = MovieApp;
		};
		82C874EE2931AE5B0000FB9C /* PBXContainerItemProxy */ = {
			isa = PBXContainerItemProxy;
			containerPortal = 82C874C52931AE570000FB9C /* Project object */;
			proxyType = 1;
			remoteGlobalIDString = 82C874CC2931AE570000FB9C;
			remoteInfo = MovieApp;
		};
/* End PBXContainerItemProxy section */

/* Begin PBXFileReference section */
		04BAC7D92C55D27CD8EFF7B7 /* Pods_MovieApp_MovieAppUITests.framework */ = {isa = PBXFileReference; explicitFileType = wrapper.framework; includeInIndex = 0; path = Pods_MovieApp_MovieAppUITests.framework; sourceTree = BUILT_PRODUCTS_DIR; };
		2578A4FCF715E461817BABE3 /* Pods-MovieApp.debug.xcconfig */ = {isa = PBXFileReference; includeInIndex = 1; lastKnownFileType = text.xcconfig; name = "Pods-MovieApp.debug.xcconfig"; path = "Target Support Files/Pods-MovieApp/Pods-MovieApp.debug.xcconfig"; sourceTree = "<group>"; };
		2F869A0C5B17161B5CB814B1 /* Pods-MovieApp.release.xcconfig */ = {isa = PBXFileReference; includeInIndex = 1; lastKnownFileType = text.xcconfig; name = "Pods-MovieApp.release.xcconfig"; path = "Target Support Files/Pods-MovieApp/Pods-MovieApp.release.xcconfig"; sourceTree = "<group>"; };
		41495B2625E9E7A47A40E547 /* Pods_MovieApp.framework */ = {isa = PBXFileReference; explicitFileType = wrapper.framework; includeInIndex = 0; path = Pods_MovieApp.framework; sourceTree = BUILT_PRODUCTS_DIR; };
		6C5641ABA1DE385EC4A4106B /* Pods_MovieAppTests.framework */ = {isa = PBXFileReference; explicitFileType = wrapper.framework; includeInIndex = 0; path = Pods_MovieAppTests.framework; sourceTree = BUILT_PRODUCTS_DIR; };
		6CF0DF2521263F7919EDABC9 /* Pods-MovieApp-MovieAppUITests.release.xcconfig */ = {isa = PBXFileReference; includeInIndex = 1; lastKnownFileType = text.xcconfig; name = "Pods-MovieApp-MovieAppUITests.release.xcconfig"; path = "Target Support Files/Pods-MovieApp-MovieAppUITests/Pods-MovieApp-MovieAppUITests.release.xcconfig"; sourceTree = "<group>"; };
		7F3A82953C940E2ED9A30BED /* Pods-MovieAppTests.debug.xcconfig */ = {isa = PBXFileReference; includeInIndex = 1; lastKnownFileType = text.xcconfig; name = "Pods-MovieAppTests.debug.xcconfig"; path = "Target Support Files/Pods-MovieAppTests/Pods-MovieAppTests.debug.xcconfig"; sourceTree = "<group>"; };
		82C874CD2931AE570000FB9C /* MovieApp.app */ = {isa = PBXFileReference; explicitFileType = wrapper.application; includeInIndex = 0; path = MovieApp.app; sourceTree = BUILT_PRODUCTS_DIR; };
		82C874D02931AE570000FB9C /* AppDelegate.swift */ = {isa = PBXFileReference; lastKnownFileType = sourcecode.swift; path = AppDelegate.swift; sourceTree = "<group>"; };
		82C874D92931AE5A0000FB9C /* Assets.xcassets */ = {isa = PBXFileReference; lastKnownFileType = folder.assetcatalog; path = Assets.xcassets; sourceTree = "<group>"; };
		82C874DC2931AE5A0000FB9C /* Base */ = {isa = PBXFileReference; lastKnownFileType = file.storyboard; name = Base; path = Base.lproj/LaunchScreen.storyboard; sourceTree = "<group>"; };
		82C874DE2931AE5A0000FB9C /* Info.plist */ = {isa = PBXFileReference; lastKnownFileType = text.plist.xml; path = Info.plist; sourceTree = "<group>"; };
		82C874E32931AE5B0000FB9C /* MovieAppTests.xctest */ = {isa = PBXFileReference; explicitFileType = wrapper.cfbundle; includeInIndex = 0; path = MovieAppTests.xctest; sourceTree = BUILT_PRODUCTS_DIR; };
		82C874E72931AE5B0000FB9C /* MovieAppTests.swift */ = {isa = PBXFileReference; lastKnownFileType = sourcecode.swift; path = MovieAppTests.swift; sourceTree = "<group>"; };
		82C874ED2931AE5B0000FB9C /* MovieAppUITests.xctest */ = {isa = PBXFileReference; explicitFileType = wrapper.cfbundle; includeInIndex = 0; path = MovieAppUITests.xctest; sourceTree = BUILT_PRODUCTS_DIR; };
		82C874F12931AE5B0000FB9C /* MovieAppUITests.swift */ = {isa = PBXFileReference; lastKnownFileType = sourcecode.swift; path = MovieAppUITests.swift; sourceTree = "<group>"; };
		82C874F32931AE5B0000FB9C /* MovieAppUITestsLaunchTests.swift */ = {isa = PBXFileReference; lastKnownFileType = sourcecode.swift; path = MovieAppUITestsLaunchTests.swift; sourceTree = "<group>"; };
		82C875012934ED210000FB9C /* Endpoint.swift */ = {isa = PBXFileReference; lastKnownFileType = sourcecode.swift; path = Endpoint.swift; sourceTree = "<group>"; };
		82C875042934F8760000FB9C /* MovieRepository.swift */ = {isa = PBXFileReference; lastKnownFileType = sourcecode.swift; path = MovieRepository.swift; sourceTree = "<group>"; };
		82C875072934F8A60000FB9C /* MovieResponse.swift */ = {isa = PBXFileReference; lastKnownFileType = sourcecode.swift; path = MovieResponse.swift; sourceTree = "<group>"; };
		82C8750B2934FC2F0000FB9C /* HomeContract.swift */ = {isa = PBXFileReference; lastKnownFileType = sourcecode.swift; path = HomeContract.swift; sourceTree = "<group>"; };
		82C8750D2934FC380000FB9C /* HomePresenter.swift */ = {isa = PBXFileReference; lastKnownFileType = sourcecode.swift; path = HomePresenter.swift; sourceTree = "<group>"; };
		82C8750F2934FC3E0000FB9C /* HomeRouter.swift */ = {isa = PBXFileReference; lastKnownFileType = sourcecode.swift; path = HomeRouter.swift; sourceTree = "<group>"; };
		82C875112934FC450000FB9C /* HomeViewController.swift */ = {isa = PBXFileReference; lastKnownFileType = sourcecode.swift; path = HomeViewController.swift; sourceTree = "<group>"; };
		82C875132934FC4F0000FB9C /* HomeInteractor.swift */ = {isa = PBXFileReference; lastKnownFileType = sourcecode.swift; path = HomeInteractor.swift; sourceTree = "<group>"; };
		82C875162935034B0000FB9C /* HomeSectionController.swift */ = {isa = PBXFileReference; lastKnownFileType = sourcecode.swift; path = HomeSectionController.swift; sourceTree = "<group>"; };
		82C87518293577A10000FB9C /* HomeEntity.swift */ = {isa = PBXFileReference; lastKnownFileType = sourcecode.swift; path = HomeEntity.swift; sourceTree = "<group>"; };
		82C8751A29364B920000FB9C /* MovieCollectionViewCell.swift */ = {isa = PBXFileReference; lastKnownFileType = sourcecode.swift; path = MovieCollectionViewCell.swift; sourceTree = "<group>"; };
		82C8751C2936F7AA0000FB9C /* ScreenState.swift */ = {isa = PBXFileReference; lastKnownFileType = sourcecode.swift; path = ScreenState.swift; sourceTree = "<group>"; };
		82C8751F2937034B0000FB9C /* MovieResponseMock.swift */ = {isa = PBXFileReference; lastKnownFileType = sourcecode.swift; path = MovieResponseMock.swift; sourceTree = "<group>"; };
		82C87521293703B20000FB9C /* MovieResponseTest.swift */ = {isa = PBXFileReference; lastKnownFileType = sourcecode.swift; path = MovieResponseTest.swift; sourceTree = "<group>"; };
		82C87525293705ED0000FB9C /* MovieRepositoryMock.swift */ = {isa = PBXFileReference; lastKnownFileType = sourcecode.swift; path = MovieRepositoryMock.swift; sourceTree = "<group>"; };
		82C87527293707290000FB9C /* MovieRepositoryTest.swift */ = {isa = PBXFileReference; lastKnownFileType = sourcecode.swift; path = MovieRepositoryTest.swift; sourceTree = "<group>"; };
		ADBCEAAC033565E91C81EBA3 /* Pods-MovieAppTests.release.xcconfig */ = {isa = PBXFileReference; includeInIndex = 1; lastKnownFileType = text.xcconfig; name = "Pods-MovieAppTests.release.xcconfig"; path = "Target Support Files/Pods-MovieAppTests/Pods-MovieAppTests.release.xcconfig"; sourceTree = "<group>"; };
		C3EA800C3F0260F1809F0D81 /* Pods-MovieApp-MovieAppUITests.debug.xcconfig */ = {isa = PBXFileReference; includeInIndex = 1; lastKnownFileType = text.xcconfig; name = "Pods-MovieApp-MovieAppUITests.debug.xcconfig"; path = "Target Support Files/Pods-MovieApp-MovieAppUITests/Pods-MovieApp-MovieAppUITests.debug.xcconfig"; sourceTree = "<group>"; };
/* End PBXFileReference section */

/* Begin PBXFrameworksBuildPhase section */
		82C874CA2931AE570000FB9C /* Frameworks */ = {
			isa = PBXFrameworksBuildPhase;
			buildActionMask = 2147483647;
			files = (
				6D7EADFF830EC80FDA0CE757 /* Pods_MovieApp.framework in Frameworks */,
			);
			runOnlyForDeploymentPostprocessing = 0;
		};
		82C874E02931AE5B0000FB9C /* Frameworks */ = {
			isa = PBXFrameworksBuildPhase;
			buildActionMask = 2147483647;
			files = (
				832FCE3D7FA213D65BA03120 /* Pods_MovieAppTests.framework in Frameworks */,
			);
			runOnlyForDeploymentPostprocessing = 0;
		};
		82C874EA2931AE5B0000FB9C /* Frameworks */ = {
			isa = PBXFrameworksBuildPhase;
			buildActionMask = 2147483647;
			files = (
				8CE4AEB8619EF271621B5C5F /* Pods_MovieApp_MovieAppUITests.framework in Frameworks */,
			);
			runOnlyForDeploymentPostprocessing = 0;
		};
/* End PBXFrameworksBuildPhase section */

/* Begin PBXGroup section */
		1524C2893DE192FB642F180D /* Frameworks */ = {
			isa = PBXGroup;
			children = (
				41495B2625E9E7A47A40E547 /* Pods_MovieApp.framework */,
				04BAC7D92C55D27CD8EFF7B7 /* Pods_MovieApp_MovieAppUITests.framework */,
				6C5641ABA1DE385EC4A4106B /* Pods_MovieAppTests.framework */,
			);
			name = Frameworks;
			sourceTree = "<group>";
		};
		397841DAD988679E3F5A436C /* Pods */ = {
			isa = PBXGroup;
			children = (
				2578A4FCF715E461817BABE3 /* Pods-MovieApp.debug.xcconfig */,
				2F869A0C5B17161B5CB814B1 /* Pods-MovieApp.release.xcconfig */,
				C3EA800C3F0260F1809F0D81 /* Pods-MovieApp-MovieAppUITests.debug.xcconfig */,
				6CF0DF2521263F7919EDABC9 /* Pods-MovieApp-MovieAppUITests.release.xcconfig */,
				7F3A82953C940E2ED9A30BED /* Pods-MovieAppTests.debug.xcconfig */,
				ADBCEAAC033565E91C81EBA3 /* Pods-MovieAppTests.release.xcconfig */,
			);
			path = Pods;
			sourceTree = "<group>";
		};
		82C874C42931AE570000FB9C = {
			isa = PBXGroup;
			children = (
				82C874CF2931AE570000FB9C /* MovieApp */,
				82C874E62931AE5B0000FB9C /* MovieAppTests */,
				82C874F02931AE5B0000FB9C /* MovieAppUITests */,
				82C874CE2931AE570000FB9C /* Products */,
				397841DAD988679E3F5A436C /* Pods */,
				1524C2893DE192FB642F180D /* Frameworks */,
			);
			sourceTree = "<group>";
		};
		82C874CE2931AE570000FB9C /* Products */ = {
			isa = PBXGroup;
			children = (
				82C874CD2931AE570000FB9C /* MovieApp.app */,
				82C874E32931AE5B0000FB9C /* MovieAppTests.xctest */,
				82C874ED2931AE5B0000FB9C /* MovieAppUITests.xctest */,
			);
			name = Products;
			sourceTree = "<group>";
		};
		82C874CF2931AE570000FB9C /* MovieApp */ = {
			isa = PBXGroup;
			children = (
				82C875092934F9690000FB9C /* Features */,
				82C875002934ED170000FB9C /* Data */,
				82C87529293708890000FB9C /* SupportingFiles */,
			);
			path = MovieApp;
			sourceTree = "<group>";
		};
		82C874E62931AE5B0000FB9C /* MovieAppTests */ = {
			isa = PBXGroup;
			children = (
				82C87523293705D10000FB9C /* Data */,
				82C874E72931AE5B0000FB9C /* MovieAppTests.swift */,
			);
			path = MovieAppTests;
			sourceTree = "<group>";
		};
		82C874F02931AE5B0000FB9C /* MovieAppUITests */ = {
			isa = PBXGroup;
			children = (
				82C874F12931AE5B0000FB9C /* MovieAppUITests.swift */,
				82C874F32931AE5B0000FB9C /* MovieAppUITestsLaunchTests.swift */,
			);
			path = MovieAppUITests;
			sourceTree = "<group>";
		};
		82C875002934ED170000FB9C /* Data */ = {
			isa = PBXGroup;
			children = (
				82C875062934F89C0000FB9C /* Entity */,
				82C875012934ED210000FB9C /* Endpoint.swift */,
				82C875032934F8690000FB9C /* Repository */,
			);
			path = Data;
			sourceTree = "<group>";
		};
		82C875032934F8690000FB9C /* Repository */ = {
			isa = PBXGroup;
			children = (
				82C875042934F8760000FB9C /* MovieRepository.swift */,
			);
			path = Repository;
			sourceTree = "<group>";
		};
		82C875062934F89C0000FB9C /* Entity */ = {
			isa = PBXGroup;
			children = (
				82C875072934F8A60000FB9C /* MovieResponse.swift */,
			);
			path = Entity;
			sourceTree = "<group>";
		};
		82C875092934F9690000FB9C /* Features */ = {
			isa = PBXGroup;
			children = (
				82C8750A2934F9720000FB9C /* Home */,
				82C8751C2936F7AA0000FB9C /* ScreenState.swift */,
			);
			path = Features;
			sourceTree = "<group>";
		};
		82C8750A2934F9720000FB9C /* Home */ = {
			isa = PBXGroup;
			children = (
				82C8750B2934FC2F0000FB9C /* HomeContract.swift */,
				82C8750D2934FC380000FB9C /* HomePresenter.swift */,
				82C8750F2934FC3E0000FB9C /* HomeRouter.swift */,
				82C875152935033F0000FB9C /* View */,
				82C875132934FC4F0000FB9C /* HomeInteractor.swift */,
				82C87518293577A10000FB9C /* HomeEntity.swift */,
			);
			path = Home;
			sourceTree = "<group>";
		};
		82C875152935033F0000FB9C /* View */ = {
			isa = PBXGroup;
			children = (
				82C875112934FC450000FB9C /* HomeViewController.swift */,
				82C875162935034B0000FB9C /* HomeSectionController.swift */,
				82C8751A29364B920000FB9C /* MovieCollectionViewCell.swift */,
			);
			path = View;
			sourceTree = "<group>";
		};
		82C8751E293703300000FB9C /* Entity */ = {
			isa = PBXGroup;
			children = (
				82C8751F2937034B0000FB9C /* MovieResponseMock.swift */,
				82C87521293703B20000FB9C /* MovieResponseTest.swift */,
			);
			path = Entity;
			sourceTree = "<group>";
		};
		82C87523293705D10000FB9C /* Data */ = {
			isa = PBXGroup;
			children = (
				82C87524293705DA0000FB9C /* Repository */,
				82C8751E293703300000FB9C /* Entity */,
			);
			path = Data;
			sourceTree = "<group>";
		};
		82C87524293705DA0000FB9C /* Repository */ = {
			isa = PBXGroup;
			children = (
				82C87525293705ED0000FB9C /* MovieRepositoryMock.swift */,
				82C87527293707290000FB9C /* MovieRepositoryTest.swift */,
			);
			path = Repository;
			sourceTree = "<group>";
		};
		82C87529293708890000FB9C /* SupportingFiles */ = {
			isa = PBXGroup;
			children = (
				82C874D02931AE570000FB9C /* AppDelegate.swift */,
				82C874D92931AE5A0000FB9C /* Assets.xcassets */,
				82C874DB2931AE5A0000FB9C /* LaunchScreen.storyboard */,
				82C874DE2931AE5A0000FB9C /* Info.plist */,
			);
			path = SupportingFiles;
			sourceTree = "<group>";
		};
/* End PBXGroup section */

/* Begin PBXNativeTarget section */
		82C874CC2931AE570000FB9C /* MovieApp */ = {
			isa = PBXNativeTarget;
			buildConfigurationList = 82C874F72931AE5B0000FB9C /* Build configuration list for PBXNativeTarget "MovieApp" */;
			buildPhases = (
				30D378660D81EE926FD43435 /* [CP] Check Pods Manifest.lock */,
				82C874C92931AE570000FB9C /* Sources */,
				82C874CA2931AE570000FB9C /* Frameworks */,
				82C874CB2931AE570000FB9C /* Resources */,
				84E62CA8AD5392AE0A0DA9EE /* [CP] Embed Pods Frameworks */,
			);
			buildRules = (
			);
			dependencies = (
			);
			name = MovieApp;
			productName = MovieApp;
			productReference = 82C874CD2931AE570000FB9C /* MovieApp.app */;
			productType = "com.apple.product-type.application";
		};
		82C874E22931AE5B0000FB9C /* MovieAppTests */ = {
			isa = PBXNativeTarget;
			buildConfigurationList = 82C874FA2931AE5B0000FB9C /* Build configuration list for PBXNativeTarget "MovieAppTests" */;
			buildPhases = (
				AEB1D025EACCF0B3D250E8ED /* [CP] Check Pods Manifest.lock */,
				82C874DF2931AE5B0000FB9C /* Sources */,
				82C874E02931AE5B0000FB9C /* Frameworks */,
				82C874E12931AE5B0000FB9C /* Resources */,
				D3D3BF16E30CC61301AA26BF /* [CP] Embed Pods Frameworks */,
			);
			buildRules = (
			);
			dependencies = (
				82C874E52931AE5B0000FB9C /* PBXTargetDependency */,
			);
			name = MovieAppTests;
			productName = MovieAppTests;
			productReference = 82C874E32931AE5B0000FB9C /* MovieAppTests.xctest */;
			productType = "com.apple.product-type.bundle.unit-test";
		};
		82C874EC2931AE5B0000FB9C /* MovieAppUITests */ = {
			isa = PBXNativeTarget;
			buildConfigurationList = 82C874FD2931AE5B0000FB9C /* Build configuration list for PBXNativeTarget "MovieAppUITests" */;
			buildPhases = (
				3F4C47FC766A68A1F7187F39 /* [CP] Check Pods Manifest.lock */,
				82C874E92931AE5B0000FB9C /* Sources */,
				82C874EA2931AE5B0000FB9C /* Frameworks */,
				82C874EB2931AE5B0000FB9C /* Resources */,
				06FDC49ACDC2E1F3447AA9E9 /* [CP] Embed Pods Frameworks */,
			);
			buildRules = (
			);
			dependencies = (
				82C874EF2931AE5B0000FB9C /* PBXTargetDependency */,
			);
			name = MovieAppUITests;
			productName = MovieAppUITests;
			productReference = 82C874ED2931AE5B0000FB9C /* MovieAppUITests.xctest */;
			productType = "com.apple.product-type.bundle.ui-testing";
		};
/* End PBXNativeTarget section */

/* Begin PBXProject section */
		82C874C52931AE570000FB9C /* Project object */ = {
			isa = PBXProject;
			attributes = {
				BuildIndependentTargetsInParallel = 1;
				LastSwiftUpdateCheck = 1400;
				LastUpgradeCheck = 1400;
				TargetAttributes = {
					82C874CC2931AE570000FB9C = {
						CreatedOnToolsVersion = 14.0;
					};
					82C874E22931AE5B0000FB9C = {
						CreatedOnToolsVersion = 14.0;
						TestTargetID = 82C874CC2931AE570000FB9C;
					};
					82C874EC2931AE5B0000FB9C = {
						CreatedOnToolsVersion = 14.0;
						TestTargetID = 82C874CC2931AE570000FB9C;
					};
				};
			};
			buildConfigurationList = 82C874C82931AE570000FB9C /* Build configuration list for PBXProject "MovieApp" */;
			compatibilityVersion = "Xcode 14.0";
			developmentRegion = en;
			hasScannedForEncodings = 0;
			knownRegions = (
				en,
				Base,
			);
			mainGroup = 82C874C42931AE570000FB9C;
			productRefGroup = 82C874CE2931AE570000FB9C /* Products */;
			projectDirPath = "";
			projectRoot = "";
			targets = (
				82C874CC2931AE570000FB9C /* MovieApp */,
				82C874E22931AE5B0000FB9C /* MovieAppTests */,
				82C874EC2931AE5B0000FB9C /* MovieAppUITests */,
			);
		};
/* End PBXProject section */

/* Begin PBXResourcesBuildPhase section */
		82C874CB2931AE570000FB9C /* Resources */ = {
			isa = PBXResourcesBuildPhase;
			buildActionMask = 2147483647;
			files = (
				82C874DD2931AE5A0000FB9C /* LaunchScreen.storyboard in Resources */,
				82C874DA2931AE5A0000FB9C /* Assets.xcassets in Resources */,
			);
			runOnlyForDeploymentPostprocessing = 0;
		};
		82C874E12931AE5B0000FB9C /* Resources */ = {
			isa = PBXResourcesBuildPhase;
			buildActionMask = 2147483647;
			files = (
			);
			runOnlyForDeploymentPostprocessing = 0;
		};
		82C874EB2931AE5B0000FB9C /* Resources */ = {
			isa = PBXResourcesBuildPhase;
			buildActionMask = 2147483647;
			files = (
			);
			runOnlyForDeploymentPostprocessing = 0;
		};
/* End PBXResourcesBuildPhase section */

/* Begin PBXShellScriptBuildPhase section */
		06FDC49ACDC2E1F3447AA9E9 /* [CP] Embed Pods Frameworks */ = {
			isa = PBXShellScriptBuildPhase;
			buildActionMask = 2147483647;
			files = (
			);
			inputFileListPaths = (
				"${PODS_ROOT}/Target Support Files/Pods-MovieApp-MovieAppUITests/Pods-MovieApp-MovieAppUITests-frameworks-${CONFIGURATION}-input-files.xcfilelist",
			);
			name = "[CP] Embed Pods Frameworks";
			outputFileListPaths = (
				"${PODS_ROOT}/Target Support Files/Pods-MovieApp-MovieAppUITests/Pods-MovieApp-MovieAppUITests-frameworks-${CONFIGURATION}-output-files.xcfilelist",
			);
			runOnlyForDeploymentPostprocessing = 0;
			shellPath = /bin/sh;
			shellScript = "\"${PODS_ROOT}/Target Support Files/Pods-MovieApp-MovieAppUITests/Pods-MovieApp-MovieAppUITests-frameworks.sh\"\n";
			showEnvVarsInLog = 0;
		};
		30D378660D81EE926FD43435 /* [CP] Check Pods Manifest.lock */ = {
			isa = PBXShellScriptBuildPhase;
			buildActionMask = 2147483647;
			files = (
			);
			inputFileListPaths = (
			);
			inputPaths = (
				"${PODS_PODFILE_DIR_PATH}/Podfile.lock",
				"${PODS_ROOT}/Manifest.lock",
			);
			name = "[CP] Check Pods Manifest.lock";
			outputFileListPaths = (
			);
			outputPaths = (
				"$(DERIVED_FILE_DIR)/Pods-MovieApp-checkManifestLockResult.txt",
			);
			runOnlyForDeploymentPostprocessing = 0;
			shellPath = /bin/sh;
			shellScript = "diff \"${PODS_PODFILE_DIR_PATH}/Podfile.lock\" \"${PODS_ROOT}/Manifest.lock\" > /dev/null\nif [ $? != 0 ] ; then\n    # print error to STDERR\n    echo \"error: The sandbox is not in sync with the Podfile.lock. Run 'pod install' or update your CocoaPods installation.\" >&2\n    exit 1\nfi\n# This output is used by Xcode 'outputs' to avoid re-running this script phase.\necho \"SUCCESS\" > \"${SCRIPT_OUTPUT_FILE_0}\"\n";
			showEnvVarsInLog = 0;
		};
		3F4C47FC766A68A1F7187F39 /* [CP] Check Pods Manifest.lock */ = {
			isa = PBXShellScriptBuildPhase;
			buildActionMask = 2147483647;
			files = (
			);
			inputFileListPaths = (
			);
			inputPaths = (
				"${PODS_PODFILE_DIR_PATH}/Podfile.lock",
				"${PODS_ROOT}/Manifest.lock",
			);
			name = "[CP] Check Pods Manifest.lock";
			outputFileListPaths = (
			);
			outputPaths = (
				"$(DERIVED_FILE_DIR)/Pods-MovieApp-MovieAppUITests-checkManifestLockResult.txt",
			);
			runOnlyForDeploymentPostprocessing = 0;
			shellPath = /bin/sh;
			shellScript = "diff \"${PODS_PODFILE_DIR_PATH}/Podfile.lock\" \"${PODS_ROOT}/Manifest.lock\" > /dev/null\nif [ $? != 0 ] ; then\n    # print error to STDERR\n    echo \"error: The sandbox is not in sync with the Podfile.lock. Run 'pod install' or update your CocoaPods installation.\" >&2\n    exit 1\nfi\n# This output is used by Xcode 'outputs' to avoid re-running this script phase.\necho \"SUCCESS\" > \"${SCRIPT_OUTPUT_FILE_0}\"\n";
			showEnvVarsInLog = 0;
		};
		84E62CA8AD5392AE0A0DA9EE /* [CP] Embed Pods Frameworks */ = {
			isa = PBXShellScriptBuildPhase;
			buildActionMask = 2147483647;
			files = (
			);
			inputFileListPaths = (
				"${PODS_ROOT}/Target Support Files/Pods-MovieApp/Pods-MovieApp-frameworks-${CONFIGURATION}-input-files.xcfilelist",
			);
			name = "[CP] Embed Pods Frameworks";
			outputFileListPaths = (
				"${PODS_ROOT}/Target Support Files/Pods-MovieApp/Pods-MovieApp-frameworks-${CONFIGURATION}-output-files.xcfilelist",
			);
			runOnlyForDeploymentPostprocessing = 0;
			shellPath = /bin/sh;
			shellScript = "\"${PODS_ROOT}/Target Support Files/Pods-MovieApp/Pods-MovieApp-frameworks.sh\"\n";
			showEnvVarsInLog = 0;
		};
		AEB1D025EACCF0B3D250E8ED /* [CP] Check Pods Manifest.lock */ = {
			isa = PBXShellScriptBuildPhase;
			buildActionMask = 2147483647;
			files = (
			);
			inputFileListPaths = (
			);
			inputPaths = (
				"${PODS_PODFILE_DIR_PATH}/Podfile.lock",
				"${PODS_ROOT}/Manifest.lock",
			);
			name = "[CP] Check Pods Manifest.lock";
			outputFileListPaths = (
			);
			outputPaths = (
				"$(DERIVED_FILE_DIR)/Pods-MovieAppTests-checkManifestLockResult.txt",
			);
			runOnlyForDeploymentPostprocessing = 0;
			shellPath = /bin/sh;
			shellScript = "diff \"${PODS_PODFILE_DIR_PATH}/Podfile.lock\" \"${PODS_ROOT}/Manifest.lock\" > /dev/null\nif [ $? != 0 ] ; then\n    # print error to STDERR\n    echo \"error: The sandbox is not in sync with the Podfile.lock. Run 'pod install' or update your CocoaPods installation.\" >&2\n    exit 1\nfi\n# This output is used by Xcode 'outputs' to avoid re-running this script phase.\necho \"SUCCESS\" > \"${SCRIPT_OUTPUT_FILE_0}\"\n";
			showEnvVarsInLog = 0;
		};
		D3D3BF16E30CC61301AA26BF /* [CP] Embed Pods Frameworks */ = {
			isa = PBXShellScriptBuildPhase;
			buildActionMask = 2147483647;
			files = (
			);
			inputFileListPaths = (
				"${PODS_ROOT}/Target Support Files/Pods-MovieAppTests/Pods-MovieAppTests-frameworks-${CONFIGURATION}-input-files.xcfilelist",
			);
			name = "[CP] Embed Pods Frameworks";
			outputFileListPaths = (
				"${PODS_ROOT}/Target Support Files/Pods-MovieAppTests/Pods-MovieAppTests-frameworks-${CONFIGURATION}-output-files.xcfilelist",
			);
			runOnlyForDeploymentPostprocessing = 0;
			shellPath = /bin/sh;
			shellScript = "\"${PODS_ROOT}/Target Support Files/Pods-MovieAppTests/Pods-MovieAppTests-frameworks.sh\"\n";
			showEnvVarsInLog = 0;
		};
/* End PBXShellScriptBuildPhase section */

/* Begin PBXSourcesBuildPhase section */
		82C874C92931AE570000FB9C /* Sources */ = {
			isa = PBXSourcesBuildPhase;
			buildActionMask = 2147483647;
			files = (
				82C875142934FC4F0000FB9C /* HomeInteractor.swift in Sources */,
				82C874D12931AE570000FB9C /* AppDelegate.swift in Sources */,
				82C875022934ED210000FB9C /* Endpoint.swift in Sources */,
				82C8751B29364B930000FB9C /* MovieCollectionViewCell.swift in Sources */,
				82C875122934FC450000FB9C /* HomeViewController.swift in Sources */,
				82C8751D2936F7AA0000FB9C /* ScreenState.swift in Sources */,
				82C8750C2934FC2F0000FB9C /* HomeContract.swift in Sources */,
				82C875082934F8A60000FB9C /* MovieResponse.swift in Sources */,
				82C875052934F8760000FB9C /* MovieRepository.swift in Sources */,
				82C875172935034B0000FB9C /* HomeSectionController.swift in Sources */,
				82C87519293577A10000FB9C /* HomeEntity.swift in Sources */,
				82C875102934FC3E0000FB9C /* HomeRouter.swift in Sources */,
				82C8750E2934FC380000FB9C /* HomePresenter.swift in Sources */,
			);
			runOnlyForDeploymentPostprocessing = 0;
		};
		82C874DF2931AE5B0000FB9C /* Sources */ = {
			isa = PBXSourcesBuildPhase;
			buildActionMask = 2147483647;
			files = (
				82C87522293703B20000FB9C /* MovieResponseTest.swift in Sources */,
				82C874E82931AE5B0000FB9C /* MovieAppTests.swift in Sources */,
				82C87528293707290000FB9C /* MovieRepositoryTest.swift in Sources */,
				82C87526293705ED0000FB9C /* MovieRepositoryMock.swift in Sources */,
				82C875202937034B0000FB9C /* MovieResponseMock.swift in Sources */,
			);
			runOnlyForDeploymentPostprocessing = 0;
		};
		82C874E92931AE5B0000FB9C /* Sources */ = {
			isa = PBXSourcesBuildPhase;
			buildActionMask = 2147483647;
			files = (
				82C874F42931AE5B0000FB9C /* MovieAppUITestsLaunchTests.swift in Sources */,
				82C874F22931AE5B0000FB9C /* MovieAppUITests.swift in Sources */,
			);
			runOnlyForDeploymentPostprocessing = 0;
		};
/* End PBXSourcesBuildPhase section */

/* Begin PBXTargetDependency section */
		82C874E52931AE5B0000FB9C /* PBXTargetDependency */ = {
			isa = PBXTargetDependency;
			target = 82C874CC2931AE570000FB9C /* MovieApp */;
			targetProxy = 82C874E42931AE5B0000FB9C /* PBXContainerItemProxy */;
		};
		82C874EF2931AE5B0000FB9C /* PBXTargetDependency */ = {
			isa = PBXTargetDependency;
			target = 82C874CC2931AE570000FB9C /* MovieApp */;
			targetProxy = 82C874EE2931AE5B0000FB9C /* PBXContainerItemProxy */;
		};
/* End PBXTargetDependency section */

/* Begin PBXVariantGroup section */
		82C874DB2931AE5A0000FB9C /* LaunchScreen.storyboard */ = {
			isa = PBXVariantGroup;
			children = (
				82C874DC2931AE5A0000FB9C /* Base */,
			);
			name = LaunchScreen.storyboard;
			sourceTree = "<group>";
		};
/* End PBXVariantGroup section */

/* Begin XCBuildConfiguration section */
		82C874F52931AE5B0000FB9C /* Debug */ = {
			isa = XCBuildConfiguration;
			buildSettings = {
				ALWAYS_SEARCH_USER_PATHS = NO;
				CLANG_ANALYZER_NONNULL = YES;
				CLANG_ANALYZER_NUMBER_OBJECT_CONVERSION = YES_AGGRESSIVE;
				CLANG_CXX_LANGUAGE_STANDARD = "gnu++20";
				CLANG_ENABLE_MODULES = YES;
				CLANG_ENABLE_OBJC_ARC = YES;
				CLANG_ENABLE_OBJC_WEAK = YES;
				CLANG_WARN_BLOCK_CAPTURE_AUTORELEASING = YES;
				CLANG_WARN_BOOL_CONVERSION = YES;
				CLANG_WARN_COMMA = YES;
				CLANG_WARN_CONSTANT_CONVERSION = YES;
				CLANG_WARN_DEPRECATED_OBJC_IMPLEMENTATIONS = YES;
				CLANG_WARN_DIRECT_OBJC_ISA_USAGE = YES_ERROR;
				CLANG_WARN_DOCUMENTATION_COMMENTS = YES;
				CLANG_WARN_EMPTY_BODY = YES;
				CLANG_WARN_ENUM_CONVERSION = YES;
				CLANG_WARN_INFINITE_RECURSION = YES;
				CLANG_WARN_INT_CONVERSION = YES;
				CLANG_WARN_NON_LITERAL_NULL_CONVERSION = YES;
				CLANG_WARN_OBJC_IMPLICIT_RETAIN_SELF = YES;
				CLANG_WARN_OBJC_LITERAL_CONVERSION = YES;
				CLANG_WARN_OBJC_ROOT_CLASS = YES_ERROR;
				CLANG_WARN_QUOTED_INCLUDE_IN_FRAMEWORK_HEADER = YES;
				CLANG_WARN_RANGE_LOOP_ANALYSIS = YES;
				CLANG_WARN_STRICT_PROTOTYPES = YES;
				CLANG_WARN_SUSPICIOUS_MOVE = YES;
				CLANG_WARN_UNGUARDED_AVAILABILITY = YES_AGGRESSIVE;
				CLANG_WARN_UNREACHABLE_CODE = YES;
				CLANG_WARN__DUPLICATE_METHOD_MATCH = YES;
				COPY_PHASE_STRIP = NO;
				DEBUG_INFORMATION_FORMAT = dwarf;
				ENABLE_STRICT_OBJC_MSGSEND = YES;
				ENABLE_TESTABILITY = YES;
				GCC_C_LANGUAGE_STANDARD = gnu11;
				GCC_DYNAMIC_NO_PIC = NO;
				GCC_NO_COMMON_BLOCKS = YES;
				GCC_OPTIMIZATION_LEVEL = 0;
				GCC_PREPROCESSOR_DEFINITIONS = (
					"DEBUG=1",
					"$(inherited)",
				);
				GCC_WARN_64_TO_32_BIT_CONVERSION = YES;
				GCC_WARN_ABOUT_RETURN_TYPE = YES_ERROR;
				GCC_WARN_UNDECLARED_SELECTOR = YES;
				GCC_WARN_UNINITIALIZED_AUTOS = YES_AGGRESSIVE;
				GCC_WARN_UNUSED_FUNCTION = YES;
				GCC_WARN_UNUSED_VARIABLE = YES;
				IPHONEOS_DEPLOYMENT_TARGET = 16.0;
				MTL_ENABLE_DEBUG_INFO = INCLUDE_SOURCE;
				MTL_FAST_MATH = YES;
				ONLY_ACTIVE_ARCH = YES;
				SDKROOT = iphoneos;
				SWIFT_ACTIVE_COMPILATION_CONDITIONS = DEBUG;
				SWIFT_OPTIMIZATION_LEVEL = "-Onone";
			};
			name = Debug;
		};
		82C874F62931AE5B0000FB9C /* Release */ = {
			isa = XCBuildConfiguration;
			buildSettings = {
				ALWAYS_SEARCH_USER_PATHS = NO;
				CLANG_ANALYZER_NONNULL = YES;
				CLANG_ANALYZER_NUMBER_OBJECT_CONVERSION = YES_AGGRESSIVE;
				CLANG_CXX_LANGUAGE_STANDARD = "gnu++20";
				CLANG_ENABLE_MODULES = YES;
				CLANG_ENABLE_OBJC_ARC = YES;
				CLANG_ENABLE_OBJC_WEAK = YES;
				CLANG_WARN_BLOCK_CAPTURE_AUTORELEASING = YES;
				CLANG_WARN_BOOL_CONVERSION = YES;
				CLANG_WARN_COMMA = YES;
				CLANG_WARN_CONSTANT_CONVERSION = YES;
				CLANG_WARN_DEPRECATED_OBJC_IMPLEMENTATIONS = YES;
				CLANG_WARN_DIRECT_OBJC_ISA_USAGE = YES_ERROR;
				CLANG_WARN_DOCUMENTATION_COMMENTS = YES;
				CLANG_WARN_EMPTY_BODY = YES;
				CLANG_WARN_ENUM_CONVERSION = YES;
				CLANG_WARN_INFINITE_RECURSION = YES;
				CLANG_WARN_INT_CONVERSION = YES;
				CLANG_WARN_NON_LITERAL_NULL_CONVERSION = YES;
				CLANG_WARN_OBJC_IMPLICIT_RETAIN_SELF = YES;
				CLANG_WARN_OBJC_LITERAL_CONVERSION = YES;
				CLANG_WARN_OBJC_ROOT_CLASS = YES_ERROR;
				CLANG_WARN_QUOTED_INCLUDE_IN_FRAMEWORK_HEADER = YES;
				CLANG_WARN_RANGE_LOOP_ANALYSIS = YES;
				CLANG_WARN_STRICT_PROTOTYPES = YES;
				CLANG_WARN_SUSPICIOUS_MOVE = YES;
				CLANG_WARN_UNGUARDED_AVAILABILITY = YES_AGGRESSIVE;
				CLANG_WARN_UNREACHABLE_CODE = YES;
				CLANG_WARN__DUPLICATE_METHOD_MATCH = YES;
				COPY_PHASE_STRIP = NO;
				DEBUG_INFORMATION_FORMAT = "dwarf-with-dsym";
				ENABLE_NS_ASSERTIONS = NO;
				ENABLE_STRICT_OBJC_MSGSEND = YES;
				GCC_C_LANGUAGE_STANDARD = gnu11;
				GCC_NO_COMMON_BLOCKS = YES;
				GCC_WARN_64_TO_32_BIT_CONVERSION = YES;
				GCC_WARN_ABOUT_RETURN_TYPE = YES_ERROR;
				GCC_WARN_UNDECLARED_SELECTOR = YES;
				GCC_WARN_UNINITIALIZED_AUTOS = YES_AGGRESSIVE;
				GCC_WARN_UNUSED_FUNCTION = YES;
				GCC_WARN_UNUSED_VARIABLE = YES;
				IPHONEOS_DEPLOYMENT_TARGET = 16.0;
				MTL_ENABLE_DEBUG_INFO = NO;
				MTL_FAST_MATH = YES;
				SDKROOT = iphoneos;
				SWIFT_COMPILATION_MODE = wholemodule;
				SWIFT_OPTIMIZATION_LEVEL = "-O";
				VALIDATE_PRODUCT = YES;
			};
			name = Release;
		};
		82C874F82931AE5B0000FB9C /* Debug */ = {
			isa = XCBuildConfiguration;
			baseConfigurationReference = 2578A4FCF715E461817BABE3 /* Pods-MovieApp.debug.xcconfig */;
			buildSettings = {
				ASSETCATALOG_COMPILER_APPICON_NAME = AppIcon;
				ASSETCATALOG_COMPILER_GLOBAL_ACCENT_COLOR_NAME = AccentColor;
				CODE_SIGN_STYLE = Automatic;
				CURRENT_PROJECT_VERSION = 1;
				DEVELOPMENT_TEAM = DS8DA7YN5X;
				GENERATE_INFOPLIST_FILE = YES;
				INFOPLIST_FILE = MovieApp/SupportingFiles/Info.plist;
				INFOPLIST_KEY_UIApplicationSupportsIndirectInputEvents = YES;
				INFOPLIST_KEY_UILaunchStoryboardName = LaunchScreen;
				INFOPLIST_KEY_UIMainStoryboardFile = "";
				INFOPLIST_KEY_UISupportedInterfaceOrientations_iPad = "UIInterfaceOrientationPortrait UIInterfaceOrientationPortraitUpsideDown UIInterfaceOrientationLandscapeLeft UIInterfaceOrientationLandscapeRight";
				INFOPLIST_KEY_UISupportedInterfaceOrientations_iPhone = "UIInterfaceOrientationPortrait UIInterfaceOrientationLandscapeLeft UIInterfaceOrientationLandscapeRight";
				IPHONEOS_DEPLOYMENT_TARGET = 12.1;
				LD_RUNPATH_SEARCH_PATHS = (
					"$(inherited)",
					"@executable_path/Frameworks",
				);
				MARKETING_VERSION = 1.0;
				PRODUCT_BUNDLE_IDENTIFIER = io.github.mryusuf.MovieApp;
				PRODUCT_NAME = "$(TARGET_NAME)";
				SWIFT_EMIT_LOC_STRINGS = YES;
				SWIFT_VERSION = 5.0;
				TARGETED_DEVICE_FAMILY = "1,2";
			};
			name = Debug;
		};
		82C874F92931AE5B0000FB9C /* Release */ = {
			isa = XCBuildConfiguration;
			baseConfigurationReference = 2F869A0C5B17161B5CB814B1 /* Pods-MovieApp.release.xcconfig */;
			buildSettings = {
				ASSETCATALOG_COMPILER_APPICON_NAME = AppIcon;
				ASSETCATALOG_COMPILER_GLOBAL_ACCENT_COLOR_NAME = AccentColor;
				CODE_SIGN_STYLE = Automatic;
				CURRENT_PROJECT_VERSION = 1;
				DEVELOPMENT_TEAM = DS8DA7YN5X;
				GENERATE_INFOPLIST_FILE = YES;
				INFOPLIST_FILE = MovieApp/SupportingFiles/Info.plist;
				INFOPLIST_KEY_UIApplicationSupportsIndirectInputEvents = YES;
				INFOPLIST_KEY_UILaunchStoryboardName = LaunchScreen;
				INFOPLIST_KEY_UIMainStoryboardFile = "";
				INFOPLIST_KEY_UISupportedInterfaceOrientations_iPad = "UIInterfaceOrientationPortrait UIInterfaceOrientationPortraitUpsideDown UIInterfaceOrientationLandscapeLeft UIInterfaceOrientationLandscapeRight";
				INFOPLIST_KEY_UISupportedInterfaceOrientations_iPhone = "UIInterfaceOrientationPortrait UIInterfaceOrientationLandscapeLeft UIInterfaceOrientationLandscapeRight";
				IPHONEOS_DEPLOYMENT_TARGET = 12.1;
				LD_RUNPATH_SEARCH_PATHS = (
					"$(inherited)",
					"@executable_path/Frameworks",
				);
				MARKETING_VERSION = 1.0;
				PRODUCT_BUNDLE_IDENTIFIER = io.github.mryusuf.MovieApp;
				PRODUCT_NAME = "$(TARGET_NAME)";
				SWIFT_EMIT_LOC_STRINGS = YES;
				SWIFT_VERSION = 5.0;
				TARGETED_DEVICE_FAMILY = "1,2";
			};
			name = Release;
		};
		82C874FB2931AE5B0000FB9C /* Debug */ = {
			isa = XCBuildConfiguration;
			baseConfigurationReference = 7F3A82953C940E2ED9A30BED /* Pods-MovieAppTests.debug.xcconfig */;
			buildSettings = {
				ALWAYS_EMBED_SWIFT_STANDARD_LIBRARIES = YES;
				BUNDLE_LOADER = "$(TEST_HOST)";
				CODE_SIGN_STYLE = Automatic;
				CURRENT_PROJECT_VERSION = 1;
				DEVELOPMENT_TEAM = DS8DA7YN5X;
				GENERATE_INFOPLIST_FILE = YES;
				IPHONEOS_DEPLOYMENT_TARGET = 16.0;
				MARKETING_VERSION = 1.0;
				PRODUCT_BUNDLE_IDENTIFIER = io.github.mryusuf.MovieAppTests;
				PRODUCT_NAME = "$(TARGET_NAME)";
				SWIFT_EMIT_LOC_STRINGS = NO;
				SWIFT_VERSION = 5.0;
				TARGETED_DEVICE_FAMILY = "1,2";
				TEST_HOST = "$(BUILT_PRODUCTS_DIR)/MovieApp.app/$(BUNDLE_EXECUTABLE_FOLDER_PATH)/MovieApp";
			};
			name = Debug;
		};
		82C874FC2931AE5B0000FB9C /* Release */ = {
			isa = XCBuildConfiguration;
			baseConfigurationReference = ADBCEAAC033565E91C81EBA3 /* Pods-MovieAppTests.release.xcconfig */;
			buildSettings = {
				ALWAYS_EMBED_SWIFT_STANDARD_LIBRARIES = YES;
				BUNDLE_LOADER = "$(TEST_HOST)";
				CODE_SIGN_STYLE = Automatic;
				CURRENT_PROJECT_VERSION = 1;
				DEVELOPMENT_TEAM = DS8DA7YN5X;
				GENERATE_INFOPLIST_FILE = YES;
				IPHONEOS_DEPLOYMENT_TARGET = 16.0;
				MARKETING_VERSION = 1.0;
				PRODUCT_BUNDLE_IDENTIFIER = io.github.mryusuf.MovieAppTests;
				PRODUCT_NAME = "$(TARGET_NAME)";
				SWIFT_EMIT_LOC_STRINGS = NO;
				SWIFT_VERSION = 5.0;
				TARGETED_DEVICE_FAMILY = "1,2";
				TEST_HOST = "$(BUILT_PRODUCTS_DIR)/MovieApp.app/$(BUNDLE_EXECUTABLE_FOLDER_PATH)/MovieApp";
			};
			name = Release;
		};
		82C874FE2931AE5B0000FB9C /* Debug */ = {
			isa = XCBuildConfiguration;
			baseConfigurationReference = C3EA800C3F0260F1809F0D81 /* Pods-MovieApp-MovieAppUITests.debug.xcconfig */;
			buildSettings = {
				ALWAYS_EMBED_SWIFT_STANDARD_LIBRARIES = YES;
				CODE_SIGN_STYLE = Automatic;
				CURRENT_PROJECT_VERSION = 1;
				DEVELOPMENT_TEAM = DS8DA7YN5X;
				GENERATE_INFOPLIST_FILE = YES;
				MARKETING_VERSION = 1.0;
				PRODUCT_BUNDLE_IDENTIFIER = io.github.mryusuf.MovieAppUITests;
				PRODUCT_NAME = "$(TARGET_NAME)";
				SWIFT_EMIT_LOC_STRINGS = NO;
				SWIFT_VERSION = 5.0;
				TARGETED_DEVICE_FAMILY = "1,2";
				TEST_TARGET_NAME = MovieApp;
			};
			name = Debug;
		};
		82C874FF2931AE5B0000FB9C /* Release */ = {
			isa = XCBuildConfiguration;
			baseConfigurationReference = 6CF0DF2521263F7919EDABC9 /* Pods-MovieApp-MovieAppUITests.release.xcconfig */;
			buildSettings = {
				ALWAYS_EMBED_SWIFT_STANDARD_LIBRARIES = YES;
				CODE_SIGN_STYLE = Automatic;
				CURRENT_PROJECT_VERSION = 1;
				DEVELOPMENT_TEAM = DS8DA7YN5X;
				GENERATE_INFOPLIST_FILE = YES;
				MARKETING_VERSION = 1.0;
				PRODUCT_BUNDLE_IDENTIFIER = io.github.mryusuf.MovieAppUITests;
				PRODUCT_NAME = "$(TARGET_NAME)";
				SWIFT_EMIT_LOC_STRINGS = NO;
				SWIFT_VERSION = 5.0;
				TARGETED_DEVICE_FAMILY = "1,2";
				TEST_TARGET_NAME = MovieApp;
			};
			name = Release;
		};
/* End XCBuildConfiguration section */

/* Begin XCConfigurationList section */
		82C874C82931AE570000FB9C /* Build configuration list for PBXProject "MovieApp" */ = {
			isa = XCConfigurationList;
			buildConfigurations = (
				82C874F52931AE5B0000FB9C /* Debug */,
				82C874F62931AE5B0000FB9C /* Release */,
			);
			defaultConfigurationIsVisible = 0;
			defaultConfigurationName = Release;
		};
		82C874F72931AE5B0000FB9C /* Build configuration list for PBXNativeTarget "MovieApp" */ = {
			isa = XCConfigurationList;
			buildConfigurations = (
				82C874F82931AE5B0000FB9C /* Debug */,
				82C874F92931AE5B0000FB9C /* Release */,
			);
			defaultConfigurationIsVisible = 0;
			defaultConfigurationName = Release;
		};
		82C874FA2931AE5B0000FB9C /* Build configuration list for PBXNativeTarget "MovieAppTests" */ = {
			isa = XCConfigurationList;
			buildConfigurations = (
				82C874FB2931AE5B0000FB9C /* Debug */,
				82C874FC2931AE5B0000FB9C /* Release */,
			);
			defaultConfigurationIsVisible = 0;
			defaultConfigurationName = Release;
		};
		82C874FD2931AE5B0000FB9C /* Build configuration list for PBXNativeTarget "MovieAppUITests" */ = {
			isa = XCConfigurationList;
			buildConfigurations = (
				82C874FE2931AE5B0000FB9C /* Debug */,
				82C874FF2931AE5B0000FB9C /* Release */,
			);
			defaultConfigurationIsVisible = 0;
			defaultConfigurationName = Release;
		};
/* End XCConfigurationList section */
	};
	rootObject = 82C874C52931AE570000FB9C /* Project object */;
}
